
Microsoft Visual Studio Solution File, Format Version 12.00
# Visual Studio Version 16
VisualStudioVersion = 16.0.31129.286
MinimumVisualStudioVersion = 10.0.40219.1
Project("{FAE04EC0-301F-11D3-BF4B-00C04F79EFBC}") = "AO-ItemScript-Manager", "AO-ItemScript-Manager.csproj", "{8D6B0E4A-E31E-40DA-96EF-2DC9C8C74729}"
EndProject
Global
	GlobalSection(SolutionConfigurationPlatforms) = preSolution
		Debug|Any CPU = Debug|Any CPU
		Release|Any CPU = Release|Any CPU
	EndGlobalSection
	GlobalSection(ProjectConfigurationPlatforms) = postSolution
		{8D6B0E4A-E31E-40DA-96EF-2DC9C8C74729}.Debug|Any CPU.ActiveCfg = Debug|Any CPU
		{8D6B0E4A-E31E-40DA-96EF-2DC9C8C74729}.Debug|Any CPU.Build.0 = Debug|Any CPU
		{8D6B0E4A-E31E-40DA-96EF-2DC9C8C74729}.Release|Any CPU.ActiveCfg = Release|Any CPU
		{8D6B0E4A-E31E-40DA-96EF-2DC9C8C74729}.Release|Any CPU.Build.0 = Release|Any CPU
	EndGlobalSection
	GlobalSection(SolutionProperties) = preSolution
		HideSolutionNode = FALSE
	EndGlobalSection
	GlobalSection(ExtensibilityGlobals) = postSolution
		SolutionGuid = {5D342705-65D1-4A73-A1C6-F8C577B31BFD}
	EndGlobalSection
EndGlobal
